
Microsoft Visual Studio Solution File, Format Version 12.00
# Visual Studio Version 17
VisualStudioVersion = 17.14.37502.11
MinimumVisualStudioVersion = 10.0.40219.1
Project("{FAE04EC0-301F-11D3-BF4B-00C04F79EFBC}") = "ecommerce", "ecommerce\ecommerce.csproj", "{EFFF5F24-11C0-4DA3-A809-3460A7DED3D1}"
EndProject
Project("{FAE04EC0-301F-11D3-BF4B-00C04F79EFBC}") = "BLL", "BLL\BLL.csproj", "{C2CF92F1-1439-4822-ADC8-B50840C90708}"
EndProject
Project("{FAE04EC0-301F-11D3-BF4B-00C04F79EFBC}") = "DAL", "DAL\DAL.csproj", "{BB0DF62F-9061-4959-813F-01E8F545DCEA}"
EndProject
Global
	GlobalSection(SolutionConfigurationPlatforms) = preSolution
		Debug|Any CPU = Debug|Any CPU
		Release|Any CPU = Release|Any CPU
	EndGlobalSection
	GlobalSection(ProjectConfigurationPlatforms) = postSolution
		{EFFF5F24-11C0-4DA3-A809-3460A7DED3D1}.Debug|Any CPU.ActiveCfg = Debug|Any CPU
		{EFFF5F24-11C0-4DA3-A809-3460A7DED3D1}.Debug|Any CPU.Build.0 = Debug|Any CPU
		{EFFF5F24-11C0-4DA3-A809-3460A7DED3D1}.Release|Any CPU.ActiveCfg = Release|Any CPU
		{EFFF5F24-11C0-4DA3-A809-3460A7DED3D1}.Release|Any CPU.Build.0 = Release|Any CPU
		{C2CF92F1-1439-4822-ADC8-B50840C90708}.Debug|Any CPU.ActiveCfg = Debug|Any CPU
		{C2CF92F1-1439-4822-ADC8-B50840C90708}.Debug|Any CPU.Build.0 = Debug|Any CPU
		{C2CF92F1-1439-4822-ADC8-B50840C90708}.Release|Any CPU.ActiveCfg = Release|Any CPU
		{C2CF92F1-1439-4822-ADC8-B50840C90708}.Release|Any CPU.Build.0 = Release|Any CPU
		{BB0DF62F-9061-4959-813F-01E8F545DCEA}.Debug|Any CPU.ActiveCfg = Debug|Any CPU
		{BB0DF62F-9061-4959-813F-01E8F545DCEA}.Debug|Any CPU.Build.0 = Debug|Any CPU
		{BB0DF62F-9061-4959-813F-01E8F545DCEA}.Release|Any CPU.ActiveCfg = Release|Any CPU
		{BB0DF62F-9061-4959-813F-01E8F545DCEA}.Release|Any CPU.Build.0 = Release|Any CPU
	EndGlobalSection
	GlobalSection(SolutionProperties) = preSolution
		HideSolutionNode = FALSE
	EndGlobalSection
	GlobalSection(ExtensibilityGlobals) = postSolution
		SolutionGuid = {16CB465D-37E9-4435-8FED-5E7BF51D09C6}
	EndGlobalSection
EndGlobal
